// !$*UTF8*$!
{
	archiveVersion = 1;
	classes = {
	};
	objectVersion = 50;
	objects = {

/* Begin PBXBuildFile section */
		54EB2F16232374C300B1867D /* Person.swift in Sources */ = {isa = PBXBuildFile; fileRef = 54EB2F15232374C300B1867D /* Person.swift */; };
		54EB2F1823238AEC00B1867D /* PersonViews.swift in Sources */ = {isa = PBXBuildFile; fileRef = 54EB2F1723238AEC00B1867D /* PersonViews.swift */; };
		54EB2F1E2323F06000B1867D /* RandomPerson.swift in Sources */ = {isa = PBXBuildFile; fileRef = 54EB2F1D2323F06000B1867D /* RandomPerson.swift */; };
		923DEBAE23240298004CC22A /* InfoButtonViewController.swift in Sources */ = {isa = PBXBuildFile; fileRef = 923DEBAD23240298004CC22A /* InfoButtonViewController.swift */; };
		9279824323233B3000129FB5 /* AppDelegate.swift in Sources */ = {isa = PBXBuildFile; fileRef = 9279824223233B3000129FB5 /* AppDelegate.swift */; };
		9279824523233B3000129FB5 /* FirstViewController.swift in Sources */ = {isa = PBXBuildFile; fileRef = 9279824423233B3000129FB5 /* FirstViewController.swift */; };
		9279824A23233B3000129FB5 /* Main.storyboard in Resources */ = {isa = PBXBuildFile; fileRef = 9279824823233B3000129FB5 /* Main.storyboard */; };
		9279824C23233B3300129FB5 /* Assets.xcassets in Resources */ = {isa = PBXBuildFile; fileRef = 9279824B23233B3300129FB5 /* Assets.xcassets */; };
		9279824F23233B3300129FB5 /* LaunchScreen.storyboard in Resources */ = {isa = PBXBuildFile; fileRef = 9279824D23233B3300129FB5 /* LaunchScreen.storyboard */; };
		9279825A23233B3300129FB5 /* PennAppsTests.swift in Sources */ = {isa = PBXBuildFile; fileRef = 9279825923233B3300129FB5 /* PennAppsTests.swift */; };
		9279826523233B3300129FB5 /* PennAppsUITests.swift in Sources */ = {isa = PBXBuildFile; fileRef = 9279826423233B3300129FB5 /* PennAppsUITests.swift */; };
		92798274232349AE00129FB5 /* CoreLocation.framework in Frameworks */ = {isa = PBXBuildFile; fileRef = 92798273232349AE00129FB5 /* CoreLocation.framework */; };
/* End PBXBuildFile section */

/* Begin PBXContainerItemProxy section */
		9279825623233B3300129FB5 /* PBXContainerItemProxy */ = {
			isa = PBXContainerItemProxy;
			containerPortal = 9279823723233B3000129FB5 /* Project object */;
			proxyType = 1;
			remoteGlobalIDString = 9279823E23233B3000129FB5;
			remoteInfo = PennApps;
		};
		9279826123233B3300129FB5 /* PBXContainerItemProxy */ = {
			isa = PBXContainerItemProxy;
			containerPortal = 9279823723233B3000129FB5 /* Project object */;
			proxyType = 1;
			remoteGlobalIDString = 9279823E23233B3000129FB5;
			remoteInfo = PennApps;
		};
/* End PBXContainerItemProxy section */

/* Begin PBXFileReference section */
		54EB2F15232374C300B1867D /* Person.swift */ = {isa = PBXFileReference; lastKnownFileType = sourcecode.swift; path = Person.swift; sourceTree = "<group>"; };
		54EB2F1723238AEC00B1867D /* PersonViews.swift */ = {isa = PBXFileReference; lastKnownFileType = sourcecode.swift; path = PersonViews.swift; sourceTree = "<group>"; };
		54EB2F1D2323F06000B1867D /* RandomPerson.swift */ = {isa = PBXFileReference; lastKnownFileType = sourcecode.swift; path = RandomPerson.swift; sourceTree = "<group>"; };
		923DEBAD23240298004CC22A /* InfoButtonViewController.swift */ = {isa = PBXFileReference; lastKnownFileType = sourcecode.swift; name = InfoButtonViewController.swift; path = ../InfoButtonViewController.swift; sourceTree = "<group>"; };
		9279823F23233B3000129FB5 /* PennApps.app */ = {isa = PBXFileReference; explicitFileType = wrapper.application; includeInIndex = 0; path = PennApps.app; sourceTree = BUILT_PRODUCTS_DIR; };
		9279824223233B3000129FB5 /* AppDelegate.swift */ = {isa = PBXFileReference; lastKnownFileType = sourcecode.swift; path = AppDelegate.swift; sourceTree = "<group>"; };
		9279824423233B3000129FB5 /* FirstViewController.swift */ = {isa = PBXFileReference; lastKnownFileType = sourcecode.swift; path = FirstViewController.swift; sourceTree = "<group>"; };
		9279824923233B3000129FB5 /* Base */ = {isa = PBXFileReference; lastKnownFileType = file.storyboard; name = Base; path = Base.lproj/Main.storyboard; sourceTree = "<group>"; };
		9279824B23233B3300129FB5 /* Assets.xcassets */ = {isa = PBXFileReference; lastKnownFileType = folder.assetcatalog; path = Assets.xcassets; sourceTree = "<group>"; };
		9279824E23233B3300129FB5 /* Base */ = {isa = PBXFileReference; lastKnownFileType = file.storyboard; name = Base; path = Base.lproj/LaunchScreen.storyboard; sourceTree = "<group>"; };
		9279825023233B3300129FB5 /* Info.plist */ = {isa = PBXFileReference; lastKnownFileType = text.plist.xml; path = Info.plist; sourceTree = "<group>"; };
		9279825523233B3300129FB5 /* PennAppsTests.xctest */ = {isa = PBXFileReference; explicitFileType = wrapper.cfbundle; includeInIndex = 0; path = PennAppsTests.xctest; sourceTree = BUILT_PRODUCTS_DIR; };
		9279825923233B3300129FB5 /* PennAppsTests.swift */ = {isa = PBXFileReference; lastKnownFileType = sourcecode.swift; path = PennAppsTests.swift; sourceTree = "<group>"; };
		9279825B23233B3300129FB5 /* Info.plist */ = {isa = PBXFileReference; lastKnownFileType = text.plist.xml; path = Info.plist; sourceTree = "<group>"; };
		9279826023233B3300129FB5 /* PennAppsUITests.xctest */ = {isa = PBXFileReference; explicitFileType = wrapper.cfbundle; includeInIndex = 0; path = PennAppsUITests.xctest; sourceTree = BUILT_PRODUCTS_DIR; };
		9279826423233B3300129FB5 /* PennAppsUITests.swift */ = {isa = PBXFileReference; lastKnownFileType = sourcecode.swift; path = PennAppsUITests.swift; sourceTree = "<group>"; };
		9279826623233B3300129FB5 /* Info.plist */ = {isa = PBXFileReference; lastKnownFileType = text.plist.xml; path = Info.plist; sourceTree = "<group>"; };
		92798273232349AE00129FB5 /* CoreLocation.framework */ = {isa = PBXFileReference; lastKnownFileType = wrapper.framework; name = CoreLocation.framework; path = System/Library/Frameworks/CoreLocation.framework; sourceTree = SDKROOT; };
/* End PBXFileReference section */

/* Begin PBXFrameworksBuildPhase section */
		9279823C23233B3000129FB5 /* Frameworks */ = {
			isa = PBXFrameworksBuildPhase;
			buildActionMask = 2147483647;
			files = (
				92798274232349AE00129FB5 /* CoreLocation.framework in Frameworks */,
			);
			runOnlyForDeploymentPostprocessing = 0;
		};
		9279825223233B3300129FB5 /* Frameworks */ = {
			isa = PBXFrameworksBuildPhase;
			buildActionMask = 2147483647;
			files = (
			);
			runOnlyForDeploymentPostprocessing = 0;
		};
		9279825D23233B3300129FB5 /* Frameworks */ = {
			isa = PBXFrameworksBuildPhase;
			buildActionMask = 2147483647;
			files = (
			);
			runOnlyForDeploymentPostprocessing = 0;
		};
/* End PBXFrameworksBuildPhase section */

/* Begin PBXGroup section */
		9279823623233B3000129FB5 = {
			isa = PBXGroup;
			children = (
				9279824123233B3000129FB5 /* PennApps */,
				9279825823233B3300129FB5 /* PennAppsTests */,
				9279826323233B3300129FB5 /* PennAppsUITests */,
				9279824023233B3000129FB5 /* Products */,
				92798272232349AD00129FB5 /* Frameworks */,
			);
			sourceTree = "<group>";
		};
		9279824023233B3000129FB5 /* Products */ = {
			isa = PBXGroup;
			children = (
				9279823F23233B3000129FB5 /* PennApps.app */,
				9279825523233B3300129FB5 /* PennAppsTests.xctest */,
				9279826023233B3300129FB5 /* PennAppsUITests.xctest */,
			);
			name = Products;
			sourceTree = "<group>";
		};
		9279824123233B3000129FB5 /* PennApps */ = {
			isa = PBXGroup;
			children = (
				923DEBAD23240298004CC22A /* InfoButtonViewController.swift */,
				9279824223233B3000129FB5 /* AppDelegate.swift */,
				54EB2F15232374C300B1867D /* Person.swift */,
				54EB2F1723238AEC00B1867D /* PersonViews.swift */,
				54EB2F1D2323F06000B1867D /* RandomPerson.swift */,
				9279824423233B3000129FB5 /* FirstViewController.swift */,
				9279824823233B3000129FB5 /* Main.storyboard */,
				9279824B23233B3300129FB5 /* Assets.xcassets */,
				9279824D23233B3300129FB5 /* LaunchScreen.storyboard */,
				9279825023233B3300129FB5 /* Info.plist */,
			);
			path = PennApps;
			sourceTree = "<group>";
		};
		9279825823233B3300129FB5 /* PennAppsTests */ = {
			isa = PBXGroup;
			children = (
				9279825923233B3300129FB5 /* PennAppsTests.swift */,
				9279825B23233B3300129FB5 /* Info.plist */,
			);
			path = PennAppsTests;
			sourceTree = "<group>";
		};
		9279826323233B3300129FB5 /* PennAppsUITests */ = {
			isa = PBXGroup;
			children = (
				9279826423233B3300129FB5 /* PennAppsUITests.swift */,
				9279826623233B3300129FB5 /* Info.plist */,
			);
			path = PennAppsUITests;
			sourceTree = "<group>";
		};
		92798272232349AD00129FB5 /* Frameworks */ = {
			isa = PBXGroup;
			children = (
				92798273232349AE00129FB5 /* CoreLocation.framework */,
			);
			name = Frameworks;
			sourceTree = "<group>";
		};
/* End PBXGroup section */

/* Begin PBXNativeTarget section */
		9279823E23233B3000129FB5 /* PennApps */ = {
			isa = PBXNativeTarget;
			buildConfigurationList = 9279826923233B3300129FB5 /* Build configuration list for PBXNativeTarget "PennApps" */;
			buildPhases = (
				9279823B23233B3000129FB5 /* Sources */,
				9279823C23233B3000129FB5 /* Frameworks */,
				9279823D23233B3000129FB5 /* Resources */,
			);
			buildRules = (
			);
			dependencies = (
			);
			name = PennApps;
			productName = PennApps;
			productReference = 9279823F23233B3000129FB5 /* PennApps.app */;
			productType = "com.apple.product-type.application";
		};
		9279825423233B3300129FB5 /* PennAppsTests */ = {
			isa = PBXNativeTarget;
			buildConfigurationList = 9279826C23233B3300129FB5 /* Build configuration list for PBXNativeTarget "PennAppsTests" */;
			buildPhases = (
				9279825123233B3300129FB5 /* Sources */,
				9279825223233B3300129FB5 /* Frameworks */,
				9279825323233B3300129FB5 /* Resources */,
			);
			buildRules = (
			);
			dependencies = (
				9279825723233B3300129FB5 /* PBXTargetDependency */,
			);
			name = PennAppsTests;
			productName = PennAppsTests;
			productReference = 9279825523233B3300129FB5 /* PennAppsTests.xctest */;
			productType = "com.apple.product-type.bundle.unit-test";
		};
		9279825F23233B3300129FB5 /* PennAppsUITests */ = {
			isa = PBXNativeTarget;
			buildConfigurationList = 9279826F23233B3300129FB5 /* Build configuration list for PBXNativeTarget "PennAppsUITests" */;
			buildPhases = (
				9279825C23233B3300129FB5 /* Sources */,
				9279825D23233B3300129FB5 /* Frameworks */,
				9279825E23233B3300129FB5 /* Resources */,
			);
			buildRules = (
			);
			dependencies = (
				9279826223233B3300129FB5 /* PBXTargetDependency */,
			);
			name = PennAppsUITests;
			productName = PennAppsUITests;
			productReference = 9279826023233B3300129FB5 /* PennAppsUITests.xctest */;
			productType = "com.apple.product-type.bundle.ui-testing";
		};
/* End PBXNativeTarget section */

/* Begin PBXProject section */
		9279823723233B3000129FB5 /* Project object */ = {
			isa = PBXProject;
			attributes = {
				LastSwiftUpdateCheck = 1030;
				LastUpgradeCheck = 1030;
				ORGANIZATIONNAME = "Helen Dong";
				TargetAttributes = {
					9279823E23233B3000129FB5 = {
						CreatedOnToolsVersion = 10.3;
					};
					9279825423233B3300129FB5 = {
						CreatedOnToolsVersion = 10.3;
						TestTargetID = 9279823E23233B3000129FB5;
					};
					9279825F23233B3300129FB5 = {
						CreatedOnToolsVersion = 10.3;
						TestTargetID = 9279823E23233B3000129FB5;
					};
				};
			};
			buildConfigurationList = 9279823A23233B3000129FB5 /* Build configuration list for PBXProject "PennApps" */;
			compatibilityVersion = "Xcode 9.3";
			developmentRegion = en;
			hasScannedForEncodings = 0;
			knownRegions = (
				en,
				Base,
			);
			mainGroup = 9279823623233B3000129FB5;
			productRefGroup = 9279824023233B3000129FB5 /* Products */;
			projectDirPath = "";
			projectRoot = "";
			targets = (
				9279823E23233B3000129FB5 /* PennApps */,
				9279825423233B3300129FB5 /* PennAppsTests */,
				9279825F23233B3300129FB5 /* PennAppsUITests */,
			);
		};
/* End PBXProject section */

/* Begin PBXResourcesBuildPhase section */
		9279823D23233B3000129FB5 /* Resources */ = {
			isa = PBXResourcesBuildPhase;
			buildActionMask = 2147483647;
			files = (
				9279824F23233B3300129FB5 /* LaunchScreen.storyboard in Resources */,
				9279824C23233B3300129FB5 /* Assets.xcassets in Resources */,
				9279824A23233B3000129FB5 /* Main.storyboard in Resources */,
			);
			runOnlyForDeploymentPostprocessing = 0;
		};
		9279825323233B3300129FB5 /* Resources */ = {
			isa = PBXResourcesBuildPhase;
			buildActionMask = 2147483647;
			files = (
			);
			runOnlyForDeploymentPostprocessing = 0;
		};
		9279825E23233B3300129FB5 /* Resources */ = {
			isa = PBXResourcesBuildPhase;
			buildActionMask = 2147483647;
			files = (
			);
			runOnlyForDeploymentPostprocessing = 0;
		};
/* End PBXResourcesBuildPhase section */

/* Begin PBXSourcesBuildPhase section */
		9279823B23233B3000129FB5 /* Sources */ = {
			isa = PBXSourcesBuildPhase;
			buildActionMask = 2147483647;
			files = (
				923DEBAE23240298004CC22A /* InfoButtonViewController.swift in Sources */,
				9279824323233B3000129FB5 /* AppDelegate.swift in Sources */,
				54EB2F1E2323F06000B1867D /* RandomPerson.swift in Sources */,
				54EB2F1823238AEC00B1867D /* PersonViews.swift in Sources */,
				54EB2F16232374C300B1867D /* Person.swift in Sources */,
				9279824523233B3000129FB5 /* FirstViewController.swift in Sources */,
			);
			runOnlyForDeploymentPostprocessing = 0;
		};
		9279825123233B3300129FB5 /* Sources */ = {
			isa = PBXSourcesBuildPhase;
			buildActionMask = 2147483647;
			files = (
				9279825A23233B3300129FB5 /* PennAppsTests.swift in Sources */,
			);
			runOnlyForDeploymentPostprocessing = 0;
		};
		9279825C23233B3300129FB5 /* Sources */ = {
			isa = PBXSourcesBuildPhase;
			buildActionMask = 2147483647;
			files = (
				9279826523233B3300129FB5 /* PennAppsUITests.swift in Sources */,
			);
			runOnlyForDeploymentPostprocessing = 0;
		};
/* End PBXSourcesBuildPhase section */

/* Begin PBXTargetDependency section */
		9279825723233B3300129FB5 /* PBXTargetDependency */ = {
			isa = PBXTargetDependency;
			target = 9279823E23233B3000129FB5 /* PennApps */;
			targetProxy = 9279825623233B3300129FB5 /* PBXContainerItemProxy */;
		};
		9279826223233B3300129FB5 /* PBXTargetDependency */ = {
			isa = PBXTargetDependency;
			target = 9279823E23233B3000129FB5 /* PennApps */;
			targetProxy = 9279826123233B3300129FB5 /* PBXContainerItemProxy */;
		};
/* End PBXTargetDependency section */

/* Begin PBXVariantGroup section */
		9279824823233B3000129FB5 /* Main.storyboard */ = {
			isa = PBXVariantGroup;
			children = (
				9279824923233B3000129FB5 /* Base */,
			);
			name = Main.storyboard;
			sourceTree = "<group>";
		};
		9279824D23233B3300129FB5 /* LaunchScreen.storyboard */ = {
			isa = PBXVariantGroup;
			children = (
				9279824E23233B3300129FB5 /* Base */,
			);
			name = LaunchScreen.storyboard;
			sourceTree = "<group>";
		};
/* End PBXVariantGroup section */

/* Begin XCBuildConfiguration section */
		9279826723233B3300129FB5 /* Debug */ = {
			isa = XCBuildConfiguration;
			buildSettings = {
				ALWAYS_SEARCH_USER_PATHS = NO;
				CLANG_ANALYZER_NONNULL = YES;
				CLANG_ANALYZER_NUMBER_OBJECT_CONVERSION = YES_AGGRESSIVE;
				CLANG_CXX_LANGUAGE_STANDARD = "gnu++14";
				CLANG_CXX_LIBRARY = "libc++";
				CLANG_ENABLE_MODULES = YES;
				CLANG_ENABLE_OBJC_ARC = YES;
				CLANG_ENABLE_OBJC_WEAK = YES;
				CLANG_WARN_BLOCK_CAPTURE_AUTORELEASING = YES;
				CLANG_WARN_BOOL_CONVERSION = YES;
				CLANG_WARN_COMMA = YES;
				CLANG_WARN_CONSTANT_CONVERSION = YES;
				CLANG_WARN_DEPRECATED_OBJC_IMPLEMENTATIONS = YES;
				CLANG_WARN_DIRECT_OBJC_ISA_USAGE = YES_ERROR;
				CLANG_WARN_DOCUMENTATION_COMMENTS = YES;
				CLANG_WARN_EMPTY_BODY = YES;
				CLANG_WARN_ENUM_CONVERSION = YES;
				CLANG_WARN_INFINITE_RECURSION = YES;
				CLANG_WARN_INT_CONVERSION = YES;
				CLANG_WARN_NON_LITERAL_NULL_CONVERSION = YES;
				CLANG_WARN_OBJC_IMPLICIT_RETAIN_SELF = YES;
				CLANG_WARN_OBJC_LITERAL_CONVERSION = YES;
				CLANG_WARN_OBJC_ROOT_CLASS = YES_ERROR;
				CLANG_WARN_RANGE_LOOP_ANALYSIS = YES;
				CLANG_WARN_STRICT_PROTOTYPES = YES;
				CLANG_WARN_SUSPICIOUS_MOVE = YES;
				CLANG_WARN_UNGUARDED_AVAILABILITY = YES_AGGRESSIVE;
				CLANG_WARN_UNREACHABLE_CODE = YES;
				CLANG_WARN__DUPLICATE_METHOD_MATCH = YES;
				CODE_SIGN_IDENTITY = "iPhone Developer";
				COPY_PHASE_STRIP = NO;
				DEBUG_INFORMATION_FORMAT = dwarf;
				ENABLE_STRICT_OBJC_MSGSEND = YES;
				ENABLE_TESTABILITY = YES;
				GCC_C_LANGUAGE_STANDARD = gnu11;
				GCC_DYNAMIC_NO_PIC = NO;
				GCC_NO_COMMON_BLOCKS = YES;
				GCC_OPTIMIZATION_LEVEL = 0;
				GCC_PREPROCESSOR_DEFINITIONS = (
					"DEBUG=1",
					"$(inherited)",
				);
				GCC_WARN_64_TO_32_BIT_CONVERSION = YES;
				GCC_WARN_ABOUT_RETURN_TYPE = YES_ERROR;
				GCC_WARN_UNDECLARED_SELECTOR = YES;
				GCC_WARN_UNINITIALIZED_AUTOS = YES_AGGRESSIVE;
				GCC_WARN_UNUSED_FUNCTION = YES;
				GCC_WARN_UNUSED_VARIABLE = YES;
				IPHONEOS_DEPLOYMENT_TARGET = 12.4;
				MTL_ENABLE_DEBUG_INFO = INCLUDE_SOURCE;
				MTL_FAST_MATH = YES;
				ONLY_ACTIVE_ARCH = YES;
				SDKROOT = iphoneos;
				SWIFT_ACTIVE_COMPILATION_CONDITIONS = DEBUG;
				SWIFT_OPTIMIZATION_LEVEL = "-Onone";
			};
			name = Debug;
		};
		9279826823233B3300129FB5 /* Release */ = {
			isa = XCBuildConfiguration;
			buildSettings = {
				ALWAYS_SEARCH_USER_PATHS = NO;
				CLANG_ANALYZER_NONNULL = YES;
				CLANG_ANALYZER_NUMBER_OBJECT_CONVERSION = YES_AGGRESSIVE;
				CLANG_CXX_LANGUAGE_STANDARD = "gnu++14";
				CLANG_CXX_LIBRARY = "libc++";
				CLANG_ENABLE_MODULES = YES;
				CLANG_ENABLE_OBJC_ARC = YES;
				CLANG_ENABLE_OBJC_WEAK = YES;
				CLANG_WARN_BLOCK_CAPTURE_AUTORELEASING = YES;
				CLANG_WARN_BOOL_CONVERSION = YES;
				CLANG_WARN_COMMA = YES;
				CLANG_WARN_CONSTANT_CONVERSION = YES;
				CLANG_WARN_DEPRECATED_OBJC_IMPLEMENTATIONS = YES;
				CLANG_WARN_DIRECT_OBJC_ISA_USAGE = YES_ERROR;
				CLANG_WARN_DOCUMENTATION_COMMENTS = YES;
				CLANG_WARN_EMPTY_BODY = YES;
				CLANG_WARN_ENUM_CONVERSION = YES;
				CLANG_WARN_INFINITE_RECURSION = YES;
				CLANG_WARN_INT_CONVERSION = YES;
				CLANG_WARN_NON_LITERAL_NULL_CONVERSION = YES;
				CLANG_WARN_OBJC_IMPLICIT_RETAIN_SELF = YES;
				CLANG_WARN_OBJC_LITERAL_CONVERSION = YES;
				CLANG_WARN_OBJC_ROOT_CLASS = YES_ERROR;
				CLANG_WARN_RANGE_LOOP_ANALYSIS = YES;
				CLANG_WARN_STRICT_PROTOTYPES = YES;
				CLANG_WARN_SUSPICIOUS_MOVE = YES;
				CLANG_WARN_UNGUARDED_AVAILABILITY = YES_AGGRESSIVE;
				CLANG_WARN_UNREACHABLE_CODE = YES;
				CLANG_WARN__DUPLICATE_METHOD_MATCH = YES;
				CODE_SIGN_IDENTITY = "iPhone Developer";
				COPY_PHASE_STRIP = NO;
				DEBUG_INFORMATION_FORMAT = "dwarf-with-dsym";
				ENABLE_NS_ASSERTIONS = NO;
				ENABLE_STRICT_OBJC_MSGSEND = YES;
				GCC_C_LANGUAGE_STANDARD = gnu11;
				GCC_NO_COMMON_BLOCKS = YES;
				GCC_WARN_64_TO_32_BIT_CONVERSION = YES;
				GCC_WARN_ABOUT_RETURN_TYPE = YES_ERROR;
				GCC_WARN_UNDECLARED_SELECTOR = YES;
				GCC_WARN_UNINITIALIZED_AUTOS = YES_AGGRESSIVE;
				GCC_WARN_UNUSED_FUNCTION = YES;
				GCC_WARN_UNUSED_VARIABLE = YES;
				IPHONEOS_DEPLOYMENT_TARGET = 12.4;
				MTL_ENABLE_DEBUG_INFO = NO;
				MTL_FAST_MATH = YES;
				SDKROOT = iphoneos;
				SWIFT_COMPILATION_MODE = wholemodule;
				SWIFT_OPTIMIZATION_LEVEL = "-O";
				VALIDATE_PRODUCT = YES;
			};
			name = Release;
		};
		9279826A23233B3300129FB5 /* Debug */ = {
			isa = XCBuildConfiguration;
			buildSettings = {
				ASSETCATALOG_COMPILER_APPICON_NAME = AppIcon;
				CODE_SIGN_STYLE = Automatic;
				DEVELOPMENT_TEAM = ZDUCZZK28Z;
				INFOPLIST_FILE = PennApps/Info.plist;
				IPHONEOS_DEPLOYMENT_TARGET = 10.0;
				LD_RUNPATH_SEARCH_PATHS = (
					"$(inherited)",
					"@executable_path/Frameworks",
				);
				PRODUCT_BUNDLE_IDENTIFIER = PennAPPS;
				PRODUCT_NAME = "$(TARGET_NAME)";
				SWIFT_VERSION = 5.0;
				TARGETED_DEVICE_FAMILY = 1;
			};
			name = Debug;
		};
		9279826B23233B3300129FB5 /* Release */ = {
			isa = XCBuildConfiguration;
			buildSettings = {
				ASSETCATALOG_COMPILER_APPICON_NAME = AppIcon;
				CODE_SIGN_STYLE = Automatic;
				DEVELOPMENT_TEAM = ZDUCZZK28Z;
				INFOPLIST_FILE = PennApps/Info.plist;
				IPHONEOS_DEPLOYMENT_TARGET = 10.0;
				LD_RUNPATH_SEARCH_PATHS = (
					"$(inherited)",
					"@executable_path/Frameworks",
				);
				PRODUCT_BUNDLE_IDENTIFIER = PennAPPS;
				PRODUCT_NAME = "$(TARGET_NAME)";
				SWIFT_VERSION = 5.0;
				TARGETED_DEVICE_FAMILY = 1;
			};
			name = Release;
		};
		9279826D23233B3300129FB5 /* Debug */ = {
			isa = XCBuildConfiguration;
			buildSettings = {
				ALWAYS_EMBED_SWIFT_STANDARD_LIBRARIES = YES;
				BUNDLE_LOADER = "$(TEST_HOST)";
				CODE_SIGN_STYLE = Automatic;
				DEVELOPMENT_TEAM = 8RFTX8X93X;
				INFOPLIST_FILE = PennAppsTests/Info.plist;
				LD_RUNPATH_SEARCH_PATHS = (
					"$(inherited)",
					"@executable_path/Frameworks",
					"@loader_path/Frameworks",
				);
				PRODUCT_BUNDLE_IDENTIFIER = None.PennAppsTests;
				PRODUCT_NAME = "$(TARGET_NAME)";
				SWIFT_VERSION = 5.0;
				TARGETED_DEVICE_FAMILY = "1,2";
				TEST_HOST = "$(BUILT_PRODUCTS_DIR)/PennApps.app/PennApps";
			};
			name = Debug;
		};
		9279826E23233B3300129FB5 /* Release */ = {
			isa = XCBuildConfiguration;
			buildSettings = {
				ALWAYS_EMBED_SWIFT_STANDARD_LIBRARIES = YES;
				BUNDLE_LOADER = "$(TEST_HOST)";
				CODE_SIGN_STYLE = Automatic;
				DEVELOPMENT_TEAM = 8RFTX8X93X;
				INFOPLIST_FILE = PennAppsTests/Info.plist;
				LD_RUNPATH_SEARCH_PATHS = (
					"$(inherited)",
					"@executable_path/Frameworks",
					"@loader_path/Frameworks",
				);
				PRODUCT_BUNDLE_IDENTIFIER = None.PennAppsTests;
				PRODUCT_NAME = "$(TARGET_NAME)";
				SWIFT_VERSION = 5.0;
				TARGETED_DEVICE_FAMILY = "1,2";
				TEST_HOST = "$(BUILT_PRODUCTS_DIR)/PennApps.app/PennApps";
			};
			name = Release;
		};
		9279827023233B3300129FB5 /* Debug */ = {
			isa = XCBuildConfiguration;
			buildSettings = {
				ALWAYS_EMBED_SWIFT_STANDARD_LIBRARIES = YES;
				CODE_SIGN_STYLE = Automatic;
				DEVELOPMENT_TEAM = 8RFTX8X93X;
				INFOPLIST_FILE = PennAppsUITests/Info.plist;
				LD_RUNPATH_SEARCH_PATHS = (
					"$(inherited)",
					"@executable_path/Frameworks",
					"@loader_path/Frameworks",
				);
				PRODUCT_BUNDLE_IDENTIFIER = None.PennAppsUITests;
				PRODUCT_NAME = "$(TARGET_NAME)";
				SWIFT_VERSION = 5.0;
				TARGETED_DEVICE_FAMILY = "1,2";
				TEST_TARGET_NAME = PennApps;
			};
			name = Debug;
		};
		9279827123233B3300129FB5 /* Release */ = {
			isa = XCBuildConfiguration;
			buildSettings = {
				ALWAYS_EMBED_SWIFT_STANDARD_LIBRARIES = YES;
				CODE_SIGN_STYLE = Automatic;
				DEVELOPMENT_TEAM = 8RFTX8X93X;
				INFOPLIST_FILE = PennAppsUITests/Info.plist;
				LD_RUNPATH_SEARCH_PATHS = (
					"$(inherited)",
					"@executable_path/Frameworks",
					"@loader_path/Frameworks",
				);
				PRODUCT_BUNDLE_IDENTIFIER = None.PennAppsUITests;
				PRODUCT_NAME = "$(TARGET_NAME)";
				SWIFT_VERSION = 5.0;
				TARGETED_DEVICE_FAMILY = "1,2";
				TEST_TARGET_NAME = PennApps;
			};
			name = Release;
		};
/* End XCBuildConfiguration section */

/* Begin XCConfigurationList section */
		9279823A23233B3000129FB5 /* Build configuration list for PBXProject "PennApps" */ = {
			isa = XCConfigurationList;
			buildConfigurations = (
				9279826723233B3300129FB5 /* Debug */,
				9279826823233B3300129FB5 /* Release */,
			);
			defaultConfigurationIsVisible = 0;
			defaultConfigurationName = Release;
		};
		9279826923233B3300129FB5 /* Build configuration list for PBXNativeTarget "PennApps" */ = {
			isa = XCConfigurationList;
			buildConfigurations = (
				9279826A23233B3300129FB5 /* Debug */,
				9279826B23233B3300129FB5 /* Release */,
			);
			defaultConfigurationIsVisible = 0;
			defaultConfigurationName = Release;
		};
		9279826C23233B3300129FB5 /* Build configuration list for PBXNativeTarget "PennAppsTests" */ = {
			isa = XCConfigurationList;
			buildConfigurations = (
				9279826D23233B3300129FB5 /* Debug */,
				9279826E23233B3300129FB5 /* Release */,
			);
			defaultConfigurationIsVisible = 0;
			defaultConfigurationName = Release;
		};
		9279826F23233B3300129FB5 /* Build configuration list for PBXNativeTarget "PennAppsUITests" */ = {
			isa = XCConfigurationList;
			buildConfigurations = (
				9279827023233B3300129FB5 /* Debug */,
				9279827123233B3300129FB5 /* Release */,
			);
			defaultConfigurationIsVisible = 0;
			defaultConfigurationName = Release;
		};
/* End XCConfigurationList section */
	};
	rootObject = 9279823723233B3000129FB5 /* Project object */;
}
